
Microsoft Visual Studio Solution File, Format Version 12.00
# Visual Studio Version 17
VisualStudioVersion = 17.4.33122.133
MinimumVisualStudioVersion = 10.0.40219.1
Project("{FAE04EC0-301F-11D3-BF4B-00C04F79EFBC}") = "ExamBack", "ExamBack\ExamBack.csproj", "{5E747E3D-51E9-43CB-88F1-9908E9F08B10}"
EndProject
Global
	GlobalSection(SolutionConfigurationPlatforms) = preSolution
		Debug|Any CPU = Debug|Any CPU
		Release|Any CPU = Release|Any CPU
	EndGlobalSection
	GlobalSection(ProjectConfigurationPlatforms) = postSolution
		{5E747E3D-51E9-43CB-88F1-9908E9F08B10}.Debug|Any CPU.ActiveCfg = Debug|Any CPU
		{5E747E3D-51E9-43CB-88F1-9908E9F08B10}.Debug|Any CPU.Build.0 = Debug|Any CPU
		{5E747E3D-51E9-43CB-88F1-9908E9F08B10}.Release|Any CPU.ActiveCfg = Release|Any CPU
		{5E747E3D-51E9-43CB-88F1-9908E9F08B10}.Release|Any CPU.Build.0 = Release|Any CPU
	EndGlobalSection
	GlobalSection(SolutionProperties) = preSolution
		HideSolutionNode = FALSE
	EndGlobalSection
	GlobalSection(ExtensibilityGlobals) = postSolution
		SolutionGuid = {E1060DF8-1776-40FA-8E70-2322B1D92A91}
	EndGlobalSection
EndGlobal
